
Microsoft Visual Studio Solution File, Format Version 12.00
Project("{FAE04EC0-301F-11D3-BF4B-00C04F79EFBC}") = "Charlie.Monitor", "Charlie.Monitor\Charlie.Monitor.csproj", "{A048E596-C496-4FDA-B31B-97545E0B8AC2}"
EndProject
Global
	GlobalSection(SolutionConfigurationPlatforms) = preSolution
		Debug|Any CPU = Debug|Any CPU
		Release|Any CPU = Release|Any CPU
	EndGlobalSection
	GlobalSection(ProjectConfigurationPlatforms) = postSolution
		{A048E596-C496-4FDA-B31B-97545E0B8AC2}.Debug|Any CPU.ActiveCfg = Debug|Any CPU
		{A048E596-C496-4FDA-B31B-97545E0B8AC2}.Debug|Any CPU.Build.0 = Debug|Any CPU
		{A048E596-C496-4FDA-B31B-97545E0B8AC2}.Release|Any CPU.ActiveCfg = Release|Any CPU
		{A048E596-C496-4FDA-B31B-97545E0B8AC2}.Release|Any CPU.Build.0 = Release|Any CPU
	EndGlobalSection
EndGlobal
